{
  "version": 4,
  "terraform_version": "1.1.2",
  "serial": 247,
  "lineage": "6ac1d3b0-9a62-8dd9-02ff-8d61a6d3b83a",
  "outputs": {},
  "resources": [
    {
      "mode": "data",
      "type": "aws_caller_identity",
      "name": "current",
      "provider": "provider[\"registry.terraform.io/hashicorp/aws\"]",
      "instances": [
        {
          "schema_version": 0,
          "attributes": {
            "account_id": "938515849324",
            "arn": "arn:aws:iam::938515849324:user/CtalaCLI",
            "id": "938515849324",
            "user_id": "AIDA5VA7HMBWCQ3JRGGGZ"
          },
          "sensitive_attributes": []
        }
      ]
    },
    {
      "mode": "managed",
      "type": "aws_db_subnet_group",
      "name": "default_db_subnet_group",
      "provider": "provider[\"registry.terraform.io/hashicorp/aws\"]",
      "instances": [
        {
          "schema_version": 0,
          "attributes": {
            "arn": "arn:aws:rds:us-west-2:938515849324:subgrp:rds_subnet_group",
            "description": "Managed by Terraform",
            "id": "rds_subnet_group",
            "name": "rds_subnet_group",
            "name_prefix": null,
            "subnet_ids": [
              "subnet-02c53059c15362dec",
              "subnet-088558535557beedf",
              "subnet-0c318786c6f97f6a8"
            ],
            "tags": {
              "Name": "Default DB subnet group"
            },
            "tags_all": {
              "Name": "Default DB subnet group"
            }
          },
          "sensitive_attributes": [],
          "private": "bnVsbA==",
          "dependencies": [
            "aws_subnet.rds-2a",
            "aws_subnet.rds-2b",
            "aws_subnet.rds-2c",
            "aws_vpc.main"
          ]
        }
      ]
    },
    {
      "mode": "managed",
      "type": "aws_db_subnet_group",
      "name": "default_db_subnet_group-peer",
      "provider": "provider[\"registry.terraform.io/hashicorp/aws\"].peer",
      "instances": [
        {
          "schema_version": 0,
          "attributes": {
            "arn": "arn:aws:rds:us-east-1:938515849324:subgrp:rds_subnet_group",
            "description": "Managed by Terraform",
            "id": "rds_subnet_group",
            "name": "rds_subnet_group",
            "name_prefix": null,
            "subnet_ids": [
              "subnet-00d9d0162967a7569",
              "subnet-03a0d24f22c4eae64",
              "subnet-0651b2cb712f77151"
            ],
            "tags": {
              "Name": "Default DB subnet group"
            },
            "tags_all": {
              "Name": "Default DB subnet group"
            }
          },
          "sensitive_attributes": [],
          "private": "bnVsbA==",
          "dependencies": [
            "aws_subnet.rds-1a-peer",
            "aws_subnet.rds-1b-peer",
            "aws_subnet.rds-1c-peer",
            "aws_vpc.peer"
          ]
        }
      ]
    },
    {
      "mode": "managed",
      "type": "aws_eip",
      "name": "main-eip",
      "provider": "provider[\"registry.terraform.io/hashicorp/aws\"]",
      "instances": [
        {
          "schema_version": 0,
          "attributes": {
            "address": null,
            "allocation_id": "eipalloc-04961f5f931fbc5de",
            "associate_with_private_ip": null,
            "association_id": "",
            "carrier_ip": "",
            "customer_owned_ip": "",
            "customer_owned_ipv4_pool": "",
            "domain": "vpc",
            "id": "eipalloc-04961f5f931fbc5de",
            "instance": "",
            "network_border_group": "us-west-2",
            "network_interface": "",
            "private_dns": null,
            "private_ip": "",
            "public_dns": "ec2-52-11-124-84.us-west-2.compute.amazonaws.com",
            "public_ip": "52.11.124.84",
            "public_ipv4_pool": "amazon",
            "tags": {
              "Environment": "main-vpc",
              "Name": "MAIN Private IP For VPC"
            },
            "tags_all": {
              "Environment": "main-vpc",
              "Name": "MAIN Private IP For VPC"
            },
            "timeouts": null,
            "vpc": true
          },
          "sensitive_attributes": [],
          "private": "eyJlMmJmYjczMC1lY2FhLTExZTYtOGY4OC0zNDM2M2JjN2M0YzAiOnsiZGVsZXRlIjoxODAwMDAwMDAwMDAsInJlYWQiOjkwMDAwMDAwMDAwMCwidXBkYXRlIjozMDAwMDAwMDAwMDB9fQ=="
        }
      ]
    },
    {
      "mode": "managed",
      "type": "aws_eip",
      "name": "peer-eip",
      "provider": "provider[\"registry.terraform.io/hashicorp/aws\"].peer",
      "instances": [
        {
          "schema_version": 0,
          "attributes": {
            "address": null,
            "allocation_id": "eipalloc-0f2750670ff50c102",
            "associate_with_private_ip": null,
            "association_id": "",
            "carrier_ip": "",
            "customer_owned_ip": "",
            "customer_owned_ipv4_pool": "",
            "domain": "vpc",
            "id": "eipalloc-0f2750670ff50c102",
            "instance": "",
            "network_border_group": "us-east-1",
            "network_interface": "",
            "private_dns": null,
            "private_ip": "",
            "public_dns": "ec2-44-199-118-63.compute-1.amazonaws.com",
            "public_ip": "44.199.118.63",
            "public_ipv4_pool": "amazon",
            "tags": {
              "Environment": "peer-vpc",
              "Name": "peer PEER Private IP For VPC"
            },
            "tags_all": {
              "Environment": "peer-vpc",
              "Name": "peer PEER Private IP For VPC"
            },
            "timeouts": null,
            "vpc": true
          },
          "sensitive_attributes": [],
          "private": "eyJlMmJmYjczMC1lY2FhLTExZTYtOGY4OC0zNDM2M2JjN2M0YzAiOnsiZGVsZXRlIjoxODAwMDAwMDAwMDAsInJlYWQiOjkwMDAwMDAwMDAwMCwidXBkYXRlIjozMDAwMDAwMDAwMDB9fQ=="
        }
      ]
    },
    {
      "mode": "managed",
      "type": "aws_internet_gateway",
      "name": "multiregion-igw",
      "provider": "provider[\"registry.terraform.io/hashicorp/aws\"]",
      "instances": [
        {
          "schema_version": 0,
          "attributes": {
            "arn": "arn:aws:ec2:us-west-2:938515849324:internet-gateway/igw-08e63116fca375765",
            "id": "igw-08e63116fca375765",
            "owner_id": "938515849324",
            "tags": {
              "Environment": "main-vpc",
              "Name": "multiregion-igw}"
            },
            "tags_all": {
              "Environment": "main-vpc",
              "Name": "multiregion-igw}"
            },
            "vpc_id": "vpc-0a43e6dbaf842a8e1"
          },
          "sensitive_attributes": [],
          "private": "bnVsbA==",
          "dependencies": [
            "aws_vpc.main"
          ]
        }
      ]
    },
    {
      "mode": "managed",
      "type": "aws_internet_gateway",
      "name": "multiregion-igw-peer",
      "provider": "provider[\"registry.terraform.io/hashicorp/aws\"].peer",
      "instances": [
        {
          "schema_version": 0,
          "attributes": {
            "arn": "arn:aws:ec2:us-east-1:938515849324:internet-gateway/igw-0c429b64b9f6cadcc",
            "id": "igw-0c429b64b9f6cadcc",
            "owner_id": "938515849324",
            "tags": {
              "Environment": "peer-vpc",
              "Name": "multiregion-igw-peer"
            },
            "tags_all": {
              "Environment": "peer-vpc",
              "Name": "multiregion-igw-peer"
            },
            "vpc_id": "vpc-0948030cb1c2aff57"
          },
          "sensitive_attributes": [],
          "private": "bnVsbA==",
          "dependencies": [
            "aws_vpc.peer"
          ]
        }
      ]
    },
    {
      "mode": "managed",
      "type": "aws_rds_cluster",
      "name": "primary",
      "provider": "provider[\"registry.terraform.io/hashicorp/aws\"]",
      "instances": [
        {
          "schema_version": 0,
          "attributes": {
            "allow_major_version_upgrade": null,
            "apply_immediately": null,
            "arn": "arn:aws:rds:us-west-2:938515849324:cluster:test-primary-cluster",
            "availability_zones": [
              "us-west-2a",
              "us-west-2b",
              "us-west-2c"
            ],
            "backtrack_window": 0,
            "backup_retention_period": 1,
            "cluster_identifier": "test-primary-cluster",
            "cluster_identifier_prefix": null,
            "cluster_members": [],
            "cluster_resource_id": "cluster-JGX5ROLLCSOKMWEZZ6SW2KY5DQ",
            "copy_tags_to_snapshot": false,
            "database_name": "example_db",
            "db_cluster_parameter_group_name": "default.aurora5.6",
            "db_instance_parameter_group_name": null,
            "db_subnet_group_name": "rds_subnet_group",
            "deletion_protection": false,
            "enable_global_write_forwarding": false,
            "enable_http_endpoint": false,
            "enabled_cloudwatch_logs_exports": [],
            "endpoint": "test-primary-cluster.cluster-ci9y8yj4lvkr.us-west-2.rds.amazonaws.com",
            "engine": "aurora",
            "engine_mode": "provisioned",
            "engine_version": "5.6.mysql_aurora.1.22.2",
            "engine_version_actual": "5.6.mysql_aurora.1.22.2",
            "final_snapshot_identifier": null,
            "global_cluster_identifier": "global-test",
            "hosted_zone_id": "Z1PVIF0B656C1W",
            "iam_database_authentication_enabled": false,
            "iam_roles": [],
            "id": "test-primary-cluster",
            "kms_key_id": "",
            "master_password": "somepass123",
            "master_username": "username",
            "port": 3306,
            "preferred_backup_window": "13:02-13:32",
            "preferred_maintenance_window": "wed:07:51-wed:08:21",
            "reader_endpoint": "test-primary-cluster.cluster-ro-ci9y8yj4lvkr.us-west-2.rds.amazonaws.com",
            "replication_source_identifier": "",
            "restore_to_point_in_time": [],
            "s3_import": [],
            "scaling_configuration": [],
            "skip_final_snapshot": true,
            "snapshot_identifier": null,
            "source_region": null,
            "storage_encrypted": false,
            "tags": {},
            "tags_all": {},
            "timeouts": null,
            "vpc_security_group_ids": [
              "sg-029d4726d96fa59db"
            ]
          },
          "sensitive_attributes": [],
          "private": "eyJlMmJmYjczMC1lY2FhLTExZTYtOGY4OC0zNDM2M2JjN2M0YzAiOnsiY3JlYXRlIjo3MjAwMDAwMDAwMDAwLCJkZWxldGUiOjcyMDAwMDAwMDAwMDAsInVwZGF0ZSI6NzIwMDAwMDAwMDAwMH19",
          "dependencies": [
            "aws_db_subnet_group.default_db_subnet_group",
            "aws_rds_global_cluster.example"
          ]
        }
      ]
    },
    {
      "mode": "managed",
      "type": "aws_rds_cluster",
      "name": "secondary",
      "provider": "provider[\"registry.terraform.io/hashicorp/aws\"].peer",
      "instances": [
        {
          "schema_version": 0,
          "attributes": {
            "allow_major_version_upgrade": null,
            "apply_immediately": null,
            "arn": "arn:aws:rds:us-east-1:938515849324:cluster:test-secondary-cluster",
            "availability_zones": [
              "us-east-1a",
              "us-east-1b",
              "us-east-1c"
            ],
            "backtrack_window": 0,
            "backup_retention_period": 1,
            "cluster_identifier": "test-secondary-cluster",
            "cluster_identifier_prefix": null,
            "cluster_members": [],
            "cluster_resource_id": "cluster-RMD5HXN5YRI3EUJ3QTAS7MG26E",
            "copy_tags_to_snapshot": false,
            "database_name": "example_db",
            "db_cluster_parameter_group_name": "default.aurora5.6",
            "db_instance_parameter_group_name": null,
            "db_subnet_group_name": "rds_subnet_group",
            "deletion_protection": false,
            "enable_global_write_forwarding": false,
            "enable_http_endpoint": false,
            "enabled_cloudwatch_logs_exports": [],
            "endpoint": "test-secondary-cluster.cluster-cq48yupffjvs.us-east-1.rds.amazonaws.com",
            "engine": "aurora",
            "engine_mode": "provisioned",
            "engine_version": "5.6.mysql_aurora.1.22.2",
            "engine_version_actual": "5.6.mysql_aurora.1.22.2",
            "final_snapshot_identifier": null,
            "global_cluster_identifier": "global-test",
            "hosted_zone_id": "Z2R2ITUGPM61AM",
            "iam_database_authentication_enabled": false,
            "iam_roles": [],
            "id": "test-secondary-cluster",
            "kms_key_id": "",
            "master_password": null,
            "master_username": "username",
            "port": 3306,
            "preferred_backup_window": "03:25-03:55",
            "preferred_maintenance_window": "tue:06:08-tue:06:38",
            "reader_endpoint": "test-secondary-cluster.cluster-ro-cq48yupffjvs.us-east-1.rds.amazonaws.com",
            "replication_source_identifier": "",
            "restore_to_point_in_time": [],
            "s3_import": [],
            "scaling_configuration": [],
            "skip_final_snapshot": true,
            "snapshot_identifier": null,
            "source_region": null,
            "storage_encrypted": false,
            "tags": {},
            "tags_all": {},
            "timeouts": null,
            "vpc_security_group_ids": [
              "sg-00ce0c2a9d7003fd7"
            ]
          },
          "sensitive_attributes": [],
          "private": "eyJlMmJmYjczMC1lY2FhLTExZTYtOGY4OC0zNDM2M2JjN2M0YzAiOnsiY3JlYXRlIjo3MjAwMDAwMDAwMDAwLCJkZWxldGUiOjcyMDAwMDAwMDAwMDAsInVwZGF0ZSI6NzIwMDAwMDAwMDAwMH19",
          "dependencies": [
            "aws_db_subnet_group.default_db_subnet_group-peer",
            "aws_rds_global_cluster.example"
          ]
        }
      ]
    },
    {
      "mode": "managed",
      "type": "aws_rds_cluster_instance",
      "name": "primary",
      "provider": "provider[\"registry.terraform.io/hashicorp/aws\"]",
      "instances": []
    },
    {
      "mode": "managed",
      "type": "aws_rds_cluster_instance",
      "name": "secondary",
      "provider": "provider[\"registry.terraform.io/hashicorp/aws\"].peer",
      "instances": []
    },
    {
      "mode": "managed",
      "type": "aws_rds_global_cluster",
      "name": "example",
      "provider": "provider[\"registry.terraform.io/hashicorp/aws\"]",
      "instances": [
        {
          "schema_version": 0,
          "attributes": {
            "arn": "arn:aws:rds::938515849324:global-cluster:global-test",
            "database_name": "example_db",
            "deletion_protection": false,
            "engine": "aurora",
            "engine_version": "5.6.mysql_aurora.1.22.2",
            "force_destroy": null,
            "global_cluster_identifier": "global-test",
            "global_cluster_members": [],
            "global_cluster_resource_id": "cluster-bca68b551e788041",
            "id": "global-test",
            "source_db_cluster_identifier": null,
            "storage_encrypted": false
          },
          "sensitive_attributes": [],
          "private": "bnVsbA=="
        }
      ]
    },
    {
      "mode": "managed",
      "type": "aws_route_table",
      "name": "main-nat",
      "provider": "provider[\"registry.terraform.io/hashicorp/aws\"]",
      "instances": [
        {
          "schema_version": 0,
          "attributes": {
            "arn": "arn:aws:ec2:us-west-2:938515849324:route-table/rtb-05c0193901d0e808b",
            "id": "rtb-05c0193901d0e808b",
            "owner_id": "938515849324",
            "propagating_vgws": [],
            "route": [
              {
                "carrier_gateway_id": "",
                "cidr_block": "0.0.0.0/0",
                "destination_prefix_list_id": "",
                "egress_only_gateway_id": "",
                "gateway_id": "igw-08e63116fca375765",
                "instance_id": "",
                "ipv6_cidr_block": "",
                "local_gateway_id": "",
                "nat_gateway_id": "",
                "network_interface_id": "",
                "transit_gateway_id": "",
                "vpc_endpoint_id": "",
                "vpc_peering_connection_id": ""
              }
            ],
            "tags": {
              "Environment": "main-vpc",
              "Name": "DEFAULT ROUTE TABLE FOR NAT"
            },
            "tags_all": {
              "Environment": "main-vpc",
              "Name": "DEFAULT ROUTE TABLE FOR NAT"
            },
            "timeouts": null,
            "vpc_id": "vpc-0a43e6dbaf842a8e1"
          },
          "sensitive_attributes": [],
          "private": "eyJlMmJmYjczMC1lY2FhLTExZTYtOGY4OC0zNDM2M2JjN2M0YzAiOnsiY3JlYXRlIjozMDAwMDAwMDAwMDAsImRlbGV0ZSI6MzAwMDAwMDAwMDAwLCJ1cGRhdGUiOjEyMDAwMDAwMDAwMH19",
          "dependencies": [
            "aws_internet_gateway.multiregion-igw",
            "aws_vpc.main"
          ]
        }
      ]
    },
    {
      "mode": "managed",
      "type": "aws_route_table",
      "name": "peer-nat",
      "provider": "provider[\"registry.terraform.io/hashicorp/aws\"].peer",
      "instances": [
        {
          "schema_version": 0,
          "attributes": {
            "arn": "arn:aws:ec2:us-east-1:938515849324:route-table/rtb-088c4682f07fd278d",
            "id": "rtb-088c4682f07fd278d",
            "owner_id": "938515849324",
            "propagating_vgws": [],
            "route": [
              {
                "carrier_gateway_id": "",
                "cidr_block": "0.0.0.0/0",
                "destination_prefix_list_id": "",
                "egress_only_gateway_id": "",
                "gateway_id": "igw-0c429b64b9f6cadcc",
                "instance_id": "",
                "ipv6_cidr_block": "",
                "local_gateway_id": "",
                "nat_gateway_id": "",
                "network_interface_id": "",
                "transit_gateway_id": "",
                "vpc_endpoint_id": "",
                "vpc_peering_connection_id": ""
              }
            ],
            "tags": {
              "Environment": "peer-vpc",
              "Name": "DEFAULT ROUTE TABLE FOR NAT"
            },
            "tags_all": {
              "Environment": "peer-vpc",
              "Name": "DEFAULT ROUTE TABLE FOR NAT"
            },
            "timeouts": null,
            "vpc_id": "vpc-0948030cb1c2aff57"
          },
          "sensitive_attributes": [],
          "private": "eyJlMmJmYjczMC1lY2FhLTExZTYtOGY4OC0zNDM2M2JjN2M0YzAiOnsiY3JlYXRlIjozMDAwMDAwMDAwMDAsImRlbGV0ZSI6MzAwMDAwMDAwMDAwLCJ1cGRhdGUiOjEyMDAwMDAwMDAwMH19",
          "dependencies": [
            "aws_internet_gateway.multiregion-igw-peer",
            "aws_vpc.peer"
          ]
        }
      ]
    },
    {
      "mode": "managed",
      "type": "aws_route_table",
      "name": "peer-rds",
      "provider": "provider[\"registry.terraform.io/hashicorp/aws\"].peer",
      "instances": [
        {
          "schema_version": 0,
          "attributes": {
            "arn": "arn:aws:ec2:us-east-1:938515849324:route-table/rtb-0d154959cc81c6cce",
            "id": "rtb-0d154959cc81c6cce",
            "owner_id": "938515849324",
            "propagating_vgws": [],
            "route": [],
            "tags": {
              "Environment": "peer-vpc",
              "Name": "RDS ROUTE TABLE"
            },
            "tags_all": {
              "Environment": "peer-vpc",
              "Name": "RDS ROUTE TABLE"
            },
            "timeouts": null,
            "vpc_id": "vpc-0948030cb1c2aff57"
          },
          "sensitive_attributes": [],
          "private": "eyJlMmJmYjczMC1lY2FhLTExZTYtOGY4OC0zNDM2M2JjN2M0YzAiOnsiY3JlYXRlIjozMDAwMDAwMDAwMDAsImRlbGV0ZSI6MzAwMDAwMDAwMDAwLCJ1cGRhdGUiOjEyMDAwMDAwMDAwMH19",
          "dependencies": [
            "aws_vpc.peer"
          ]
        }
      ]
    },
    {
      "mode": "managed",
      "type": "aws_route_table",
      "name": "public-main",
      "provider": "provider[\"registry.terraform.io/hashicorp/aws\"]",
      "instances": [
        {
          "schema_version": 0,
          "attributes": {
            "arn": "arn:aws:ec2:us-west-2:938515849324:route-table/rtb-0e10a00c702085a7e",
            "id": "rtb-0e10a00c702085a7e",
            "owner_id": "938515849324",
            "propagating_vgws": [],
            "route": [
              {
                "carrier_gateway_id": "",
                "cidr_block": "0.0.0.0/0",
                "destination_prefix_list_id": "",
                "egress_only_gateway_id": "",
                "gateway_id": "igw-08e63116fca375765",
                "instance_id": "",
                "ipv6_cidr_block": "",
                "local_gateway_id": "",
                "nat_gateway_id": "",
                "network_interface_id": "",
                "transit_gateway_id": "",
                "vpc_endpoint_id": "",
                "vpc_peering_connection_id": ""
              }
            ],
            "tags": {
              "Environment": "default",
              "Name": "ELB DASHBOARD ROUTE TABLE"
            },
            "tags_all": {
              "Environment": "default",
              "Name": "ELB DASHBOARD ROUTE TABLE"
            },
            "timeouts": null,
            "vpc_id": "vpc-0a43e6dbaf842a8e1"
          },
          "sensitive_attributes": [],
          "private": "eyJlMmJmYjczMC1lY2FhLTExZTYtOGY4OC0zNDM2M2JjN2M0YzAiOnsiY3JlYXRlIjozMDAwMDAwMDAwMDAsImRlbGV0ZSI6MzAwMDAwMDAwMDAwLCJ1cGRhdGUiOjEyMDAwMDAwMDAwMH19",
          "dependencies": [
            "aws_internet_gateway.multiregion-igw",
            "aws_vpc.main"
          ]
        }
      ]
    },
    {
      "mode": "managed",
      "type": "aws_route_table",
      "name": "public-peer",
      "provider": "provider[\"registry.terraform.io/hashicorp/aws\"].peer",
      "instances": [
        {
          "schema_version": 0,
          "attributes": {
            "arn": "arn:aws:ec2:us-east-1:938515849324:route-table/rtb-0cc5dc61583b71547",
            "id": "rtb-0cc5dc61583b71547",
            "owner_id": "938515849324",
            "propagating_vgws": [],
            "route": [
              {
                "carrier_gateway_id": "",
                "cidr_block": "0.0.0.0/0",
                "destination_prefix_list_id": "",
                "egress_only_gateway_id": "",
                "gateway_id": "igw-0c429b64b9f6cadcc",
                "instance_id": "",
                "ipv6_cidr_block": "",
                "local_gateway_id": "",
                "nat_gateway_id": "",
                "network_interface_id": "",
                "transit_gateway_id": "",
                "vpc_endpoint_id": "",
                "vpc_peering_connection_id": ""
              }
            ],
            "tags": {
              "Environment": "default",
              "Name": "ELB DASHBOARD ROUTE TABLE"
            },
            "tags_all": {
              "Environment": "default",
              "Name": "ELB DASHBOARD ROUTE TABLE"
            },
            "timeouts": null,
            "vpc_id": "vpc-0948030cb1c2aff57"
          },
          "sensitive_attributes": [],
          "private": "eyJlMmJmYjczMC1lY2FhLTExZTYtOGY4OC0zNDM2M2JjN2M0YzAiOnsiY3JlYXRlIjozMDAwMDAwMDAwMDAsImRlbGV0ZSI6MzAwMDAwMDAwMDAwLCJ1cGRhdGUiOjEyMDAwMDAwMDAwMH19",
          "dependencies": [
            "aws_internet_gateway.multiregion-igw-peer",
            "aws_vpc.peer"
          ]
        }
      ]
    },
    {
      "mode": "managed",
      "type": "aws_route_table",
      "name": "rds",
      "provider": "provider[\"registry.terraform.io/hashicorp/aws\"]",
      "instances": [
        {
          "schema_version": 0,
          "attributes": {
            "arn": "arn:aws:ec2:us-west-2:938515849324:route-table/rtb-0de7039b2cb6080be",
            "id": "rtb-0de7039b2cb6080be",
            "owner_id": "938515849324",
            "propagating_vgws": [],
            "route": [],
            "tags": {
              "Environment": "main-vpc",
              "Name": "RDS ROUTE TABLE"
            },
            "tags_all": {
              "Environment": "main-vpc",
              "Name": "RDS ROUTE TABLE"
            },
            "timeouts": null,
            "vpc_id": "vpc-0a43e6dbaf842a8e1"
          },
          "sensitive_attributes": [],
          "private": "eyJlMmJmYjczMC1lY2FhLTExZTYtOGY4OC0zNDM2M2JjN2M0YzAiOnsiY3JlYXRlIjozMDAwMDAwMDAwMDAsImRlbGV0ZSI6MzAwMDAwMDAwMDAwLCJ1cGRhdGUiOjEyMDAwMDAwMDAwMH19",
          "dependencies": [
            "aws_vpc.main"
          ]
        }
      ]
    },
    {
      "mode": "managed",
      "type": "aws_route_table_association",
      "name": "main-nat-2a",
      "provider": "provider[\"registry.terraform.io/hashicorp/aws\"]",
      "instances": [
        {
          "schema_version": 0,
          "attributes": {
            "gateway_id": "",
            "id": "rtbassoc-04a1b8c3169dfb55d",
            "route_table_id": "rtb-05c0193901d0e808b",
            "subnet_id": "subnet-0064d42a3e830def2"
          },
          "sensitive_attributes": [],
          "private": "bnVsbA==",
          "dependencies": [
            "aws_internet_gateway.multiregion-igw",
            "aws_route_table.main-nat",
            "aws_subnet.nat-2a",
            "aws_vpc.main"
          ]
        }
      ]
    },
    {
      "mode": "managed",
      "type": "aws_route_table_association",
      "name": "peer-nat-2a",
      "provider": "provider[\"registry.terraform.io/hashicorp/aws\"].peer",
      "instances": [
        {
          "schema_version": 0,
          "attributes": {
            "gateway_id": "",
            "id": "rtbassoc-0cdde22a2abebe58c",
            "route_table_id": "rtb-088c4682f07fd278d",
            "subnet_id": "subnet-0a8a3b251a83d63a5"
          },
          "sensitive_attributes": [],
          "private": "bnVsbA==",
          "dependencies": [
            "aws_internet_gateway.multiregion-igw-peer",
            "aws_route_table.peer-nat",
            "aws_subnet.nat-2a-peer",
            "aws_vpc.peer"
          ]
        }
      ]
    },
    {
      "mode": "managed",
      "type": "aws_route_table_association",
      "name": "private-1a",
      "provider": "provider[\"registry.terraform.io/hashicorp/aws\"].peer",
      "instances": [
        {
          "schema_version": 0,
          "attributes": {
            "gateway_id": "",
            "id": "rtbassoc-0f287232eb1a927fa",
            "route_table_id": "rtb-088c4682f07fd278d",
            "subnet_id": "subnet-0dc7f9171fedcf529"
          },
          "sensitive_attributes": [],
          "private": "bnVsbA==",
          "dependencies": [
            "aws_internet_gateway.multiregion-igw-peer",
            "aws_route_table.peer-nat",
            "aws_subnet.private-1a",
            "aws_vpc.peer"
          ]
        }
      ]
    },
    {
      "mode": "managed",
      "type": "aws_route_table_association",
      "name": "private-1b",
      "provider": "provider[\"registry.terraform.io/hashicorp/aws\"].peer",
      "instances": [
        {
          "schema_version": 0,
          "attributes": {
            "gateway_id": "",
            "id": "rtbassoc-0f49b59a2b3e83594",
            "route_table_id": "rtb-088c4682f07fd278d",
            "subnet_id": "subnet-09465859be9f3268a"
          },
          "sensitive_attributes": [],
          "private": "bnVsbA==",
          "dependencies": [
            "aws_internet_gateway.multiregion-igw-peer",
            "aws_route_table.peer-nat",
            "aws_subnet.private-1b",
            "aws_vpc.peer"
          ]
        }
      ]
    },
    {
      "mode": "managed",
      "type": "aws_route_table_association",
      "name": "private-1c",
      "provider": "provider[\"registry.terraform.io/hashicorp/aws\"].peer",
      "instances": [
        {
          "schema_version": 0,
          "attributes": {
            "gateway_id": "",
            "id": "rtbassoc-03d0932da79fa389f",
            "route_table_id": "rtb-088c4682f07fd278d",
            "subnet_id": "subnet-0f90d45af2afa6588"
          },
          "sensitive_attributes": [],
          "private": "bnVsbA==",
          "dependencies": [
            "aws_internet_gateway.multiregion-igw-peer",
            "aws_route_table.peer-nat",
            "aws_subnet.private-1c",
            "aws_vpc.peer"
          ]
        }
      ]
    },
    {
      "mode": "managed",
      "type": "aws_route_table_association",
      "name": "private-1d",
      "provider": "provider[\"registry.terraform.io/hashicorp/aws\"].peer",
      "instances": [
        {
          "schema_version": 0,
          "attributes": {
            "gateway_id": "",
            "id": "rtbassoc-02973dd1b6eb22e83",
            "route_table_id": "rtb-088c4682f07fd278d",
            "subnet_id": "subnet-09b4823dd54440457"
          },
          "sensitive_attributes": [],
          "private": "bnVsbA==",
          "dependencies": [
            "aws_internet_gateway.multiregion-igw-peer",
            "aws_route_table.peer-nat",
            "aws_subnet.private-1d",
            "aws_vpc.peer"
          ]
        }
      ]
    },
    {
      "mode": "managed",
      "type": "aws_route_table_association",
      "name": "private-2a",
      "provider": "provider[\"registry.terraform.io/hashicorp/aws\"]",
      "instances": [
        {
          "schema_version": 0,
          "attributes": {
            "gateway_id": "",
            "id": "rtbassoc-0ee81137d32ae2031",
            "route_table_id": "rtb-05c0193901d0e808b",
            "subnet_id": "subnet-0fceae330a71aa5d2"
          },
          "sensitive_attributes": [],
          "private": "bnVsbA==",
          "dependencies": [
            "aws_internet_gateway.multiregion-igw",
            "aws_route_table.main-nat",
            "aws_subnet.private-2a",
            "aws_vpc.main"
          ]
        }
      ]
    },
    {
      "mode": "managed",
      "type": "aws_route_table_association",
      "name": "private-2b",
      "provider": "provider[\"registry.terraform.io/hashicorp/aws\"]",
      "instances": [
        {
          "schema_version": 0,
          "attributes": {
            "gateway_id": "",
            "id": "rtbassoc-06707acf0d5e29f00",
            "route_table_id": "rtb-05c0193901d0e808b",
            "subnet_id": "subnet-0070ecb5b679c025b"
          },
          "sensitive_attributes": [],
          "private": "bnVsbA==",
          "dependencies": [
            "aws_internet_gateway.multiregion-igw",
            "aws_route_table.main-nat",
            "aws_subnet.private-2b",
            "aws_vpc.main"
          ]
        }
      ]
    },
    {
      "mode": "managed",
      "type": "aws_route_table_association",
      "name": "private-2c",
      "provider": "provider[\"registry.terraform.io/hashicorp/aws\"]",
      "instances": [
        {
          "schema_version": 0,
          "attributes": {
            "gateway_id": "",
            "id": "rtbassoc-036d258f260087915",
            "route_table_id": "rtb-05c0193901d0e808b",
            "subnet_id": "subnet-08020bdb54c857b54"
          },
          "sensitive_attributes": [],
          "private": "bnVsbA==",
          "dependencies": [
            "aws_internet_gateway.multiregion-igw",
            "aws_route_table.main-nat",
            "aws_subnet.private-2c",
            "aws_vpc.main"
          ]
        }
      ]
    },
    {
      "mode": "managed",
      "type": "aws_route_table_association",
      "name": "private-2d",
      "provider": "provider[\"registry.terraform.io/hashicorp/aws\"]",
      "instances": [
        {
          "schema_version": 0,
          "attributes": {
            "gateway_id": "",
            "id": "rtbassoc-0c0e8fb6bc179e1b2",
            "route_table_id": "rtb-05c0193901d0e808b",
            "subnet_id": "subnet-05e38a135de82ad1e"
          },
          "sensitive_attributes": [],
          "private": "bnVsbA==",
          "dependencies": [
            "aws_internet_gateway.multiregion-igw",
            "aws_route_table.main-nat",
            "aws_subnet.private-2d",
            "aws_vpc.main"
          ]
        }
      ]
    },
    {
      "mode": "managed",
      "type": "aws_route_table_association",
      "name": "public-2a",
      "provider": "provider[\"registry.terraform.io/hashicorp/aws\"]",
      "instances": [
        {
          "schema_version": 0,
          "attributes": {
            "gateway_id": "",
            "id": "rtbassoc-0515f4e94a583d4b7",
            "route_table_id": "rtb-0e10a00c702085a7e",
            "subnet_id": "subnet-03ef862f26058d753"
          },
          "sensitive_attributes": [],
          "private": "bnVsbA==",
          "dependencies": [
            "aws_internet_gateway.multiregion-igw",
            "aws_route_table.public-main",
            "aws_subnet.public-2a",
            "aws_vpc.main"
          ]
        }
      ]
    },
    {
      "mode": "managed",
      "type": "aws_route_table_association",
      "name": "public-2a-peer",
      "provider": "provider[\"registry.terraform.io/hashicorp/aws\"].peer",
      "instances": [
        {
          "schema_version": 0,
          "attributes": {
            "gateway_id": "",
            "id": "rtbassoc-089a8972c52b9a15b",
            "route_table_id": "rtb-0cc5dc61583b71547",
            "subnet_id": "subnet-0e7c7f464ba0376ee"
          },
          "sensitive_attributes": [],
          "private": "bnVsbA==",
          "dependencies": [
            "aws_internet_gateway.multiregion-igw-peer",
            "aws_route_table.public-peer",
            "aws_subnet.public-2a-peer",
            "aws_vpc.peer"
          ]
        }
      ]
    },
    {
      "mode": "managed",
      "type": "aws_route_table_association",
      "name": "public-2b",
      "provider": "provider[\"registry.terraform.io/hashicorp/aws\"]",
      "instances": [
        {
          "schema_version": 0,
          "attributes": {
            "gateway_id": "",
            "id": "rtbassoc-09cf55785a56ff869",
            "route_table_id": "rtb-0e10a00c702085a7e",
            "subnet_id": "subnet-04cefa4953ea70978"
          },
          "sensitive_attributes": [],
          "private": "bnVsbA==",
          "dependencies": [
            "aws_internet_gateway.multiregion-igw",
            "aws_route_table.public-main",
            "aws_subnet.public-2b",
            "aws_vpc.main"
          ]
        }
      ]
    },
    {
      "mode": "managed",
      "type": "aws_route_table_association",
      "name": "public-2b-peer",
      "provider": "provider[\"registry.terraform.io/hashicorp/aws\"].peer",
      "instances": [
        {
          "schema_version": 0,
          "attributes": {
            "gateway_id": "",
            "id": "rtbassoc-0eb8be79edbbbbcb6",
            "route_table_id": "rtb-0cc5dc61583b71547",
            "subnet_id": "subnet-026ea05900672caea"
          },
          "sensitive_attributes": [],
          "private": "bnVsbA==",
          "dependencies": [
            "aws_internet_gateway.multiregion-igw-peer",
            "aws_route_table.public-peer",
            "aws_subnet.public-2b-peer",
            "aws_vpc.peer"
          ]
        }
      ]
    },
    {
      "mode": "managed",
      "type": "aws_route_table_association",
      "name": "public-2c",
      "provider": "provider[\"registry.terraform.io/hashicorp/aws\"]",
      "instances": [
        {
          "schema_version": 0,
          "attributes": {
            "gateway_id": "",
            "id": "rtbassoc-0652cb5b62b518ae0",
            "route_table_id": "rtb-0e10a00c702085a7e",
            "subnet_id": "subnet-0ae5e189992ca4fa2"
          },
          "sensitive_attributes": [],
          "private": "bnVsbA==",
          "dependencies": [
            "aws_internet_gateway.multiregion-igw",
            "aws_route_table.public-main",
            "aws_subnet.public-2c",
            "aws_vpc.main"
          ]
        }
      ]
    },
    {
      "mode": "managed",
      "type": "aws_route_table_association",
      "name": "public-2c-peer",
      "provider": "provider[\"registry.terraform.io/hashicorp/aws\"].peer",
      "instances": [
        {
          "schema_version": 0,
          "attributes": {
            "gateway_id": "",
            "id": "rtbassoc-092b37c27f05067c8",
            "route_table_id": "rtb-0cc5dc61583b71547",
            "subnet_id": "subnet-045bf067159d94128"
          },
          "sensitive_attributes": [],
          "private": "bnVsbA==",
          "dependencies": [
            "aws_internet_gateway.multiregion-igw-peer",
            "aws_route_table.public-peer",
            "aws_subnet.public-2c-peer",
            "aws_vpc.peer"
          ]
        }
      ]
    },
    {
      "mode": "managed",
      "type": "aws_route_table_association",
      "name": "public-2d",
      "provider": "provider[\"registry.terraform.io/hashicorp/aws\"]",
      "instances": [
        {
          "schema_version": 0,
          "attributes": {
            "gateway_id": "",
            "id": "rtbassoc-0e5683c4ae8d73d5c",
            "route_table_id": "rtb-0e10a00c702085a7e",
            "subnet_id": "subnet-0ad481810aefa6962"
          },
          "sensitive_attributes": [],
          "private": "bnVsbA==",
          "dependencies": [
            "aws_internet_gateway.multiregion-igw",
            "aws_route_table.public-main",
            "aws_subnet.public-2d",
            "aws_vpc.main"
          ]
        }
      ]
    },
    {
      "mode": "managed",
      "type": "aws_route_table_association",
      "name": "public-2d-peer",
      "provider": "provider[\"registry.terraform.io/hashicorp/aws\"].peer",
      "instances": [
        {
          "schema_version": 0,
          "attributes": {
            "gateway_id": "",
            "id": "rtbassoc-068e443479ab6c7ce",
            "route_table_id": "rtb-0cc5dc61583b71547",
            "subnet_id": "subnet-0f1b20a0bd3548048"
          },
          "sensitive_attributes": [],
          "private": "bnVsbA==",
          "dependencies": [
            "aws_internet_gateway.multiregion-igw-peer",
            "aws_route_table.public-peer",
            "aws_subnet.public-2d-peer",
            "aws_vpc.peer"
          ]
        }
      ]
    },
    {
      "mode": "managed",
      "type": "aws_route_table_association",
      "name": "rds-1a-peer",
      "provider": "provider[\"registry.terraform.io/hashicorp/aws\"].peer",
      "instances": [
        {
          "schema_version": 0,
          "attributes": {
            "gateway_id": "",
            "id": "rtbassoc-0264fd67abf65c501",
            "route_table_id": "rtb-0d154959cc81c6cce",
            "subnet_id": "subnet-0651b2cb712f77151"
          },
          "sensitive_attributes": [],
          "private": "bnVsbA==",
          "dependencies": [
            "aws_route_table.peer-rds",
            "aws_subnet.rds-1a-peer",
            "aws_vpc.peer"
          ]
        }
      ]
    },
    {
      "mode": "managed",
      "type": "aws_route_table_association",
      "name": "rds-1b-peer",
      "provider": "provider[\"registry.terraform.io/hashicorp/aws\"].peer",
      "instances": [
        {
          "schema_version": 0,
          "attributes": {
            "gateway_id": "",
            "id": "rtbassoc-06c14f45ec5b1d03a",
            "route_table_id": "rtb-0d154959cc81c6cce",
            "subnet_id": "subnet-03a0d24f22c4eae64"
          },
          "sensitive_attributes": [],
          "private": "bnVsbA==",
          "dependencies": [
            "aws_route_table.peer-rds",
            "aws_subnet.rds-1b-peer",
            "aws_vpc.peer"
          ]
        }
      ]
    },
    {
      "mode": "managed",
      "type": "aws_route_table_association",
      "name": "rds-1c-peer",
      "provider": "provider[\"registry.terraform.io/hashicorp/aws\"].peer",
      "instances": [
        {
          "schema_version": 0,
          "attributes": {
            "gateway_id": "",
            "id": "rtbassoc-0d29559a0a8a8104d",
            "route_table_id": "rtb-0d154959cc81c6cce",
            "subnet_id": "subnet-00d9d0162967a7569"
          },
          "sensitive_attributes": [],
          "private": "bnVsbA==",
          "dependencies": [
            "aws_route_table.peer-rds",
            "aws_subnet.rds-1c-peer",
            "aws_vpc.peer"
          ]
        }
      ]
    },
    {
      "mode": "managed",
      "type": "aws_route_table_association",
      "name": "rds-2a",
      "provider": "provider[\"registry.terraform.io/hashicorp/aws\"]",
      "instances": [
        {
          "schema_version": 0,
          "attributes": {
            "gateway_id": "",
            "id": "rtbassoc-0ae5a4b12497ffe39",
            "route_table_id": "rtb-0de7039b2cb6080be",
            "subnet_id": "subnet-0c318786c6f97f6a8"
          },
          "sensitive_attributes": [],
          "private": "bnVsbA==",
          "dependencies": [
            "aws_route_table.rds",
            "aws_subnet.rds-2a",
            "aws_vpc.main"
          ]
        }
      ]
    },
    {
      "mode": "managed",
      "type": "aws_route_table_association",
      "name": "rds-2b",
      "provider": "provider[\"registry.terraform.io/hashicorp/aws\"]",
      "instances": [
        {
          "schema_version": 0,
          "attributes": {
            "gateway_id": "",
            "id": "rtbassoc-09ab6b781f6902994",
            "route_table_id": "rtb-0de7039b2cb6080be",
            "subnet_id": "subnet-088558535557beedf"
          },
          "sensitive_attributes": [],
          "private": "bnVsbA==",
          "dependencies": [
            "aws_route_table.rds",
            "aws_subnet.rds-2b",
            "aws_vpc.main"
          ]
        }
      ]
    },
    {
      "mode": "managed",
      "type": "aws_route_table_association",
      "name": "rds-2c",
      "provider": "provider[\"registry.terraform.io/hashicorp/aws\"]",
      "instances": [
        {
          "schema_version": 0,
          "attributes": {
            "gateway_id": "",
            "id": "rtbassoc-08ed9f356e0ca40c4",
            "route_table_id": "rtb-0de7039b2cb6080be",
            "subnet_id": "subnet-02c53059c15362dec"
          },
          "sensitive_attributes": [],
          "private": "bnVsbA==",
          "dependencies": [
            "aws_route_table.rds",
            "aws_subnet.rds-2c",
            "aws_vpc.main"
          ]
        }
      ]
    },
    {
      "mode": "managed",
      "type": "aws_subnet",
      "name": "nat-2a",
      "provider": "provider[\"registry.terraform.io/hashicorp/aws\"]",
      "instances": [
        {
          "schema_version": 1,
          "attributes": {
            "arn": "arn:aws:ec2:us-west-2:938515849324:subnet/subnet-0064d42a3e830def2",
            "assign_ipv6_address_on_creation": false,
            "availability_zone": "us-west-2a",
            "availability_zone_id": "usw2-az2",
            "cidr_block": "10.0.50.0/27",
            "customer_owned_ipv4_pool": "",
            "id": "subnet-0064d42a3e830def2",
            "ipv6_cidr_block": "",
            "ipv6_cidr_block_association_id": "",
            "map_customer_owned_ip_on_launch": false,
            "map_public_ip_on_launch": false,
            "outpost_arn": "",
            "owner_id": "938515849324",
            "tags": {
              "Environment": "main-vpc",
              "Name": "NAT PUB SUBNET 2A"
            },
            "tags_all": {
              "Environment": "main-vpc",
              "Name": "NAT PUB SUBNET 2A"
            },
            "timeouts": null,
            "vpc_id": "vpc-0a43e6dbaf842a8e1"
          },
          "sensitive_attributes": [],
          "private": "eyJlMmJmYjczMC1lY2FhLTExZTYtOGY4OC0zNDM2M2JjN2M0YzAiOnsiY3JlYXRlIjo2MDAwMDAwMDAwMDAsImRlbGV0ZSI6MTIwMDAwMDAwMDAwMH0sInNjaGVtYV92ZXJzaW9uIjoiMSJ9",
          "dependencies": [
            "aws_vpc.main"
          ]
        }
      ]
    },
    {
      "mode": "managed",
      "type": "aws_subnet",
      "name": "nat-2a-peer",
      "provider": "provider[\"registry.terraform.io/hashicorp/aws\"].peer",
      "instances": [
        {
          "schema_version": 1,
          "attributes": {
            "arn": "arn:aws:ec2:us-east-1:938515849324:subnet/subnet-0a8a3b251a83d63a5",
            "assign_ipv6_address_on_creation": false,
            "availability_zone": "us-east-1a",
            "availability_zone_id": "use1-az6",
            "cidr_block": "10.1.50.0/27",
            "customer_owned_ipv4_pool": "",
            "id": "subnet-0a8a3b251a83d63a5",
            "ipv6_cidr_block": "",
            "ipv6_cidr_block_association_id": "",
            "map_customer_owned_ip_on_launch": false,
            "map_public_ip_on_launch": false,
            "outpost_arn": "",
            "owner_id": "938515849324",
            "tags": {
              "Environment": "peer-vpc",
              "Name": "NAT PUB SUBNET 1A"
            },
            "tags_all": {
              "Environment": "peer-vpc",
              "Name": "NAT PUB SUBNET 1A"
            },
            "timeouts": null,
            "vpc_id": "vpc-0948030cb1c2aff57"
          },
          "sensitive_attributes": [],
          "private": "eyJlMmJmYjczMC1lY2FhLTExZTYtOGY4OC0zNDM2M2JjN2M0YzAiOnsiY3JlYXRlIjo2MDAwMDAwMDAwMDAsImRlbGV0ZSI6MTIwMDAwMDAwMDAwMH0sInNjaGVtYV92ZXJzaW9uIjoiMSJ9",
          "dependencies": [
            "aws_vpc.peer"
          ]
        }
      ]
    },
    {
      "mode": "managed",
      "type": "aws_subnet",
      "name": "private-1a",
      "provider": "provider[\"registry.terraform.io/hashicorp/aws\"].peer",
      "instances": [
        {
          "schema_version": 1,
          "attributes": {
            "arn": "arn:aws:ec2:us-east-1:938515849324:subnet/subnet-0dc7f9171fedcf529",
            "assign_ipv6_address_on_creation": false,
            "availability_zone": "us-east-1a",
            "availability_zone_id": "use1-az6",
            "cidr_block": "10.1.5.0/24",
            "customer_owned_ipv4_pool": "",
            "id": "subnet-0dc7f9171fedcf529",
            "ipv6_cidr_block": "",
            "ipv6_cidr_block_association_id": "",
            "map_customer_owned_ip_on_launch": false,
            "map_public_ip_on_launch": false,
            "outpost_arn": "",
            "owner_id": "938515849324",
            "tags": {
              "Environment": "main-vpc",
              "Name": "PRIV SUBNET 1A"
            },
            "tags_all": {
              "Environment": "main-vpc",
              "Name": "PRIV SUBNET 1A"
            },
            "timeouts": null,
            "vpc_id": "vpc-0948030cb1c2aff57"
          },
          "sensitive_attributes": [],
          "private": "eyJlMmJmYjczMC1lY2FhLTExZTYtOGY4OC0zNDM2M2JjN2M0YzAiOnsiY3JlYXRlIjo2MDAwMDAwMDAwMDAsImRlbGV0ZSI6MTIwMDAwMDAwMDAwMH0sInNjaGVtYV92ZXJzaW9uIjoiMSJ9",
          "dependencies": [
            "aws_vpc.peer"
          ]
        }
      ]
    },
    {
      "mode": "managed",
      "type": "aws_subnet",
      "name": "private-1b",
      "provider": "provider[\"registry.terraform.io/hashicorp/aws\"].peer",
      "instances": [
        {
          "schema_version": 1,
          "attributes": {
            "arn": "arn:aws:ec2:us-east-1:938515849324:subnet/subnet-09465859be9f3268a",
            "assign_ipv6_address_on_creation": false,
            "availability_zone": "us-east-1b",
            "availability_zone_id": "use1-az1",
            "cidr_block": "10.1.6.0/24",
            "customer_owned_ipv4_pool": "",
            "id": "subnet-09465859be9f3268a",
            "ipv6_cidr_block": "",
            "ipv6_cidr_block_association_id": "",
            "map_customer_owned_ip_on_launch": false,
            "map_public_ip_on_launch": false,
            "outpost_arn": "",
            "owner_id": "938515849324",
            "tags": {
              "Environment": "main-vpc",
              "Name": "PRIV SUBNET 1B"
            },
            "tags_all": {
              "Environment": "main-vpc",
              "Name": "PRIV SUBNET 1B"
            },
            "timeouts": null,
            "vpc_id": "vpc-0948030cb1c2aff57"
          },
          "sensitive_attributes": [],
          "private": "eyJlMmJmYjczMC1lY2FhLTExZTYtOGY4OC0zNDM2M2JjN2M0YzAiOnsiY3JlYXRlIjo2MDAwMDAwMDAwMDAsImRlbGV0ZSI6MTIwMDAwMDAwMDAwMH0sInNjaGVtYV92ZXJzaW9uIjoiMSJ9",
          "dependencies": [
            "aws_vpc.peer"
          ]
        }
      ]
    },
    {
      "mode": "managed",
      "type": "aws_subnet",
      "name": "private-1c",
      "provider": "provider[\"registry.terraform.io/hashicorp/aws\"].peer",
      "instances": [
        {
          "schema_version": 1,
          "attributes": {
            "arn": "arn:aws:ec2:us-east-1:938515849324:subnet/subnet-0f90d45af2afa6588",
            "assign_ipv6_address_on_creation": false,
            "availability_zone": "us-east-1c",
            "availability_zone_id": "use1-az2",
            "cidr_block": "10.1.7.0/24",
            "customer_owned_ipv4_pool": "",
            "id": "subnet-0f90d45af2afa6588",
            "ipv6_cidr_block": "",
            "ipv6_cidr_block_association_id": "",
            "map_customer_owned_ip_on_launch": false,
            "map_public_ip_on_launch": false,
            "outpost_arn": "",
            "owner_id": "938515849324",
            "tags": {
              "Environment": "main-vpc",
              "Name": "PRIV SUBNET 1C"
            },
            "tags_all": {
              "Environment": "main-vpc",
              "Name": "PRIV SUBNET 1C"
            },
            "timeouts": null,
            "vpc_id": "vpc-0948030cb1c2aff57"
          },
          "sensitive_attributes": [],
          "private": "eyJlMmJmYjczMC1lY2FhLTExZTYtOGY4OC0zNDM2M2JjN2M0YzAiOnsiY3JlYXRlIjo2MDAwMDAwMDAwMDAsImRlbGV0ZSI6MTIwMDAwMDAwMDAwMH0sInNjaGVtYV92ZXJzaW9uIjoiMSJ9",
          "dependencies": [
            "aws_vpc.peer"
          ]
        }
      ]
    },
    {
      "mode": "managed",
      "type": "aws_subnet",
      "name": "private-1d",
      "provider": "provider[\"registry.terraform.io/hashicorp/aws\"].peer",
      "instances": [
        {
          "schema_version": 1,
          "attributes": {
            "arn": "arn:aws:ec2:us-east-1:938515849324:subnet/subnet-09b4823dd54440457",
            "assign_ipv6_address_on_creation": false,
            "availability_zone": "us-east-1d",
            "availability_zone_id": "use1-az4",
            "cidr_block": "10.1.8.0/24",
            "customer_owned_ipv4_pool": "",
            "id": "subnet-09b4823dd54440457",
            "ipv6_cidr_block": "",
            "ipv6_cidr_block_association_id": "",
            "map_customer_owned_ip_on_launch": false,
            "map_public_ip_on_launch": false,
            "outpost_arn": "",
            "owner_id": "938515849324",
            "tags": {
              "Environment": "main-vpc",
              "Name": "PRIV SUBNET 1D"
            },
            "tags_all": {
              "Environment": "main-vpc",
              "Name": "PRIV SUBNET 1D"
            },
            "timeouts": null,
            "vpc_id": "vpc-0948030cb1c2aff57"
          },
          "sensitive_attributes": [],
          "private": "eyJlMmJmYjczMC1lY2FhLTExZTYtOGY4OC0zNDM2M2JjN2M0YzAiOnsiY3JlYXRlIjo2MDAwMDAwMDAwMDAsImRlbGV0ZSI6MTIwMDAwMDAwMDAwMH0sInNjaGVtYV92ZXJzaW9uIjoiMSJ9",
          "dependencies": [
            "aws_vpc.peer"
          ]
        }
      ]
    },
    {
      "mode": "managed",
      "type": "aws_subnet",
      "name": "private-2a",
      "provider": "provider[\"registry.terraform.io/hashicorp/aws\"]",
      "instances": [
        {
          "schema_version": 1,
          "attributes": {
            "arn": "arn:aws:ec2:us-west-2:938515849324:subnet/subnet-0fceae330a71aa5d2",
            "assign_ipv6_address_on_creation": false,
            "availability_zone": "us-west-2a",
            "availability_zone_id": "usw2-az2",
            "cidr_block": "10.0.5.0/24",
            "customer_owned_ipv4_pool": "",
            "id": "subnet-0fceae330a71aa5d2",
            "ipv6_cidr_block": "",
            "ipv6_cidr_block_association_id": "",
            "map_customer_owned_ip_on_launch": false,
            "map_public_ip_on_launch": false,
            "outpost_arn": "",
            "owner_id": "938515849324",
            "tags": {
              "Environment": "main-vpc",
              "Name": "PRIV SUBNET 2A"
            },
            "tags_all": {
              "Environment": "main-vpc",
              "Name": "PRIV SUBNET 2A"
            },
            "timeouts": null,
            "vpc_id": "vpc-0a43e6dbaf842a8e1"
          },
          "sensitive_attributes": [],
          "private": "eyJlMmJmYjczMC1lY2FhLTExZTYtOGY4OC0zNDM2M2JjN2M0YzAiOnsiY3JlYXRlIjo2MDAwMDAwMDAwMDAsImRlbGV0ZSI6MTIwMDAwMDAwMDAwMH0sInNjaGVtYV92ZXJzaW9uIjoiMSJ9",
          "dependencies": [
            "aws_vpc.main"
          ]
        }
      ]
    },
    {
      "mode": "managed",
      "type": "aws_subnet",
      "name": "private-2b",
      "provider": "provider[\"registry.terraform.io/hashicorp/aws\"]",
      "instances": [
        {
          "schema_version": 1,
          "attributes": {
            "arn": "arn:aws:ec2:us-west-2:938515849324:subnet/subnet-0070ecb5b679c025b",
            "assign_ipv6_address_on_creation": false,
            "availability_zone": "us-west-2b",
            "availability_zone_id": "usw2-az1",
            "cidr_block": "10.0.6.0/24",
            "customer_owned_ipv4_pool": "",
            "id": "subnet-0070ecb5b679c025b",
            "ipv6_cidr_block": "",
            "ipv6_cidr_block_association_id": "",
            "map_customer_owned_ip_on_launch": false,
            "map_public_ip_on_launch": false,
            "outpost_arn": "",
            "owner_id": "938515849324",
            "tags": {
              "Environment": "main-vpc",
              "Name": "PRIV SUBNET 2B"
            },
            "tags_all": {
              "Environment": "main-vpc",
              "Name": "PRIV SUBNET 2B"
            },
            "timeouts": null,
            "vpc_id": "vpc-0a43e6dbaf842a8e1"
          },
          "sensitive_attributes": [],
          "private": "eyJlMmJmYjczMC1lY2FhLTExZTYtOGY4OC0zNDM2M2JjN2M0YzAiOnsiY3JlYXRlIjo2MDAwMDAwMDAwMDAsImRlbGV0ZSI6MTIwMDAwMDAwMDAwMH0sInNjaGVtYV92ZXJzaW9uIjoiMSJ9",
          "dependencies": [
            "aws_vpc.main"
          ]
        }
      ]
    },
    {
      "mode": "managed",
      "type": "aws_subnet",
      "name": "private-2c",
      "provider": "provider[\"registry.terraform.io/hashicorp/aws\"]",
      "instances": [
        {
          "schema_version": 1,
          "attributes": {
            "arn": "arn:aws:ec2:us-west-2:938515849324:subnet/subnet-08020bdb54c857b54",
            "assign_ipv6_address_on_creation": false,
            "availability_zone": "us-west-2c",
            "availability_zone_id": "usw2-az3",
            "cidr_block": "10.0.7.0/24",
            "customer_owned_ipv4_pool": "",
            "id": "subnet-08020bdb54c857b54",
            "ipv6_cidr_block": "",
            "ipv6_cidr_block_association_id": "",
            "map_customer_owned_ip_on_launch": false,
            "map_public_ip_on_launch": false,
            "outpost_arn": "",
            "owner_id": "938515849324",
            "tags": {
              "Environment": "main-vpc",
              "Name": "PRIV SUBNET 2C"
            },
            "tags_all": {
              "Environment": "main-vpc",
              "Name": "PRIV SUBNET 2C"
            },
            "timeouts": null,
            "vpc_id": "vpc-0a43e6dbaf842a8e1"
          },
          "sensitive_attributes": [],
          "private": "eyJlMmJmYjczMC1lY2FhLTExZTYtOGY4OC0zNDM2M2JjN2M0YzAiOnsiY3JlYXRlIjo2MDAwMDAwMDAwMDAsImRlbGV0ZSI6MTIwMDAwMDAwMDAwMH0sInNjaGVtYV92ZXJzaW9uIjoiMSJ9",
          "dependencies": [
            "aws_vpc.main"
          ]
        }
      ]
    },
    {
      "mode": "managed",
      "type": "aws_subnet",
      "name": "private-2d",
      "provider": "provider[\"registry.terraform.io/hashicorp/aws\"]",
      "instances": [
        {
          "schema_version": 1,
          "attributes": {
            "arn": "arn:aws:ec2:us-west-2:938515849324:subnet/subnet-05e38a135de82ad1e",
            "assign_ipv6_address_on_creation": false,
            "availability_zone": "us-west-2d",
            "availability_zone_id": "usw2-az4",
            "cidr_block": "10.0.8.0/24",
            "customer_owned_ipv4_pool": "",
            "id": "subnet-05e38a135de82ad1e",
            "ipv6_cidr_block": "",
            "ipv6_cidr_block_association_id": "",
            "map_customer_owned_ip_on_launch": false,
            "map_public_ip_on_launch": false,
            "outpost_arn": "",
            "owner_id": "938515849324",
            "tags": {
              "Environment": "main-vpc",
              "Name": "PRIV SUBNET 2D"
            },
            "tags_all": {
              "Environment": "main-vpc",
              "Name": "PRIV SUBNET 2D"
            },
            "timeouts": null,
            "vpc_id": "vpc-0a43e6dbaf842a8e1"
          },
          "sensitive_attributes": [],
          "private": "eyJlMmJmYjczMC1lY2FhLTExZTYtOGY4OC0zNDM2M2JjN2M0YzAiOnsiY3JlYXRlIjo2MDAwMDAwMDAwMDAsImRlbGV0ZSI6MTIwMDAwMDAwMDAwMH0sInNjaGVtYV92ZXJzaW9uIjoiMSJ9",
          "dependencies": [
            "aws_vpc.main"
          ]
        }
      ]
    },
    {
      "mode": "managed",
      "type": "aws_subnet",
      "name": "public-2a",
      "provider": "provider[\"registry.terraform.io/hashicorp/aws\"]",
      "instances": [
        {
          "schema_version": 1,
          "attributes": {
            "arn": "arn:aws:ec2:us-west-2:938515849324:subnet/subnet-03ef862f26058d753",
            "assign_ipv6_address_on_creation": false,
            "availability_zone": "us-west-2a",
            "availability_zone_id": "usw2-az2",
            "cidr_block": "10.0.1.0/27",
            "customer_owned_ipv4_pool": "",
            "id": "subnet-03ef862f26058d753",
            "ipv6_cidr_block": "",
            "ipv6_cidr_block_association_id": "",
            "map_customer_owned_ip_on_launch": false,
            "map_public_ip_on_launch": false,
            "outpost_arn": "",
            "owner_id": "938515849324",
            "tags": {
              "Environment": "main-vpc",
              "Name": "PUB SUBNET 2A"
            },
            "tags_all": {
              "Environment": "main-vpc",
              "Name": "PUB SUBNET 2A"
            },
            "timeouts": null,
            "vpc_id": "vpc-0a43e6dbaf842a8e1"
          },
          "sensitive_attributes": [],
          "private": "eyJlMmJmYjczMC1lY2FhLTExZTYtOGY4OC0zNDM2M2JjN2M0YzAiOnsiY3JlYXRlIjo2MDAwMDAwMDAwMDAsImRlbGV0ZSI6MTIwMDAwMDAwMDAwMH0sInNjaGVtYV92ZXJzaW9uIjoiMSJ9",
          "dependencies": [
            "aws_vpc.main"
          ]
        }
      ]
    },
    {
      "mode": "managed",
      "type": "aws_subnet",
      "name": "public-2a-peer",
      "provider": "provider[\"registry.terraform.io/hashicorp/aws\"].peer",
      "instances": [
        {
          "schema_version": 1,
          "attributes": {
            "arn": "arn:aws:ec2:us-east-1:938515849324:subnet/subnet-0e7c7f464ba0376ee",
            "assign_ipv6_address_on_creation": false,
            "availability_zone": "us-east-1a",
            "availability_zone_id": "use1-az6",
            "cidr_block": "10.1.1.0/27",
            "customer_owned_ipv4_pool": "",
            "id": "subnet-0e7c7f464ba0376ee",
            "ipv6_cidr_block": "",
            "ipv6_cidr_block_association_id": "",
            "map_customer_owned_ip_on_launch": false,
            "map_public_ip_on_launch": false,
            "outpost_arn": "",
            "owner_id": "938515849324",
            "tags": {
              "Environment": "peer-vpc",
              "Name": "PUB SUBNET 1A"
            },
            "tags_all": {
              "Environment": "peer-vpc",
              "Name": "PUB SUBNET 1A"
            },
            "timeouts": null,
            "vpc_id": "vpc-0948030cb1c2aff57"
          },
          "sensitive_attributes": [],
          "private": "eyJlMmJmYjczMC1lY2FhLTExZTYtOGY4OC0zNDM2M2JjN2M0YzAiOnsiY3JlYXRlIjo2MDAwMDAwMDAwMDAsImRlbGV0ZSI6MTIwMDAwMDAwMDAwMH0sInNjaGVtYV92ZXJzaW9uIjoiMSJ9",
          "dependencies": [
            "aws_vpc.peer"
          ]
        }
      ]
    },
    {
      "mode": "managed",
      "type": "aws_subnet",
      "name": "public-2b",
      "provider": "provider[\"registry.terraform.io/hashicorp/aws\"]",
      "instances": [
        {
          "schema_version": 1,
          "attributes": {
            "arn": "arn:aws:ec2:us-west-2:938515849324:subnet/subnet-04cefa4953ea70978",
            "assign_ipv6_address_on_creation": false,
            "availability_zone": "us-west-2b",
            "availability_zone_id": "usw2-az1",
            "cidr_block": "10.0.1.32/27",
            "customer_owned_ipv4_pool": "",
            "id": "subnet-04cefa4953ea70978",
            "ipv6_cidr_block": "",
            "ipv6_cidr_block_association_id": "",
            "map_customer_owned_ip_on_launch": false,
            "map_public_ip_on_launch": false,
            "outpost_arn": "",
            "owner_id": "938515849324",
            "tags": {
              "Environment": "main-vpc",
              "Name": "PUB SUBNET 2B"
            },
            "tags_all": {
              "Environment": "main-vpc",
              "Name": "PUB SUBNET 2B"
            },
            "timeouts": null,
            "vpc_id": "vpc-0a43e6dbaf842a8e1"
          },
          "sensitive_attributes": [],
          "private": "eyJlMmJmYjczMC1lY2FhLTExZTYtOGY4OC0zNDM2M2JjN2M0YzAiOnsiY3JlYXRlIjo2MDAwMDAwMDAwMDAsImRlbGV0ZSI6MTIwMDAwMDAwMDAwMH0sInNjaGVtYV92ZXJzaW9uIjoiMSJ9",
          "dependencies": [
            "aws_vpc.main"
          ]
        }
      ]
    },
    {
      "mode": "managed",
      "type": "aws_subnet",
      "name": "public-2b-peer",
      "provider": "provider[\"registry.terraform.io/hashicorp/aws\"].peer",
      "instances": [
        {
          "schema_version": 1,
          "attributes": {
            "arn": "arn:aws:ec2:us-east-1:938515849324:subnet/subnet-026ea05900672caea",
            "assign_ipv6_address_on_creation": false,
            "availability_zone": "us-east-1b",
            "availability_zone_id": "use1-az1",
            "cidr_block": "10.1.1.32/27",
            "customer_owned_ipv4_pool": "",
            "id": "subnet-026ea05900672caea",
            "ipv6_cidr_block": "",
            "ipv6_cidr_block_association_id": "",
            "map_customer_owned_ip_on_launch": false,
            "map_public_ip_on_launch": false,
            "outpost_arn": "",
            "owner_id": "938515849324",
            "tags": {
              "Environment": "peer-vpc",
              "Name": "PUB SUBNET 1B"
            },
            "tags_all": {
              "Environment": "peer-vpc",
              "Name": "PUB SUBNET 1B"
            },
            "timeouts": null,
            "vpc_id": "vpc-0948030cb1c2aff57"
          },
          "sensitive_attributes": [],
          "private": "eyJlMmJmYjczMC1lY2FhLTExZTYtOGY4OC0zNDM2M2JjN2M0YzAiOnsiY3JlYXRlIjo2MDAwMDAwMDAwMDAsImRlbGV0ZSI6MTIwMDAwMDAwMDAwMH0sInNjaGVtYV92ZXJzaW9uIjoiMSJ9",
          "dependencies": [
            "aws_vpc.peer"
          ]
        }
      ]
    },
    {
      "mode": "managed",
      "type": "aws_subnet",
      "name": "public-2c",
      "provider": "provider[\"registry.terraform.io/hashicorp/aws\"]",
      "instances": [
        {
          "schema_version": 1,
          "attributes": {
            "arn": "arn:aws:ec2:us-west-2:938515849324:subnet/subnet-0ae5e189992ca4fa2",
            "assign_ipv6_address_on_creation": false,
            "availability_zone": "us-west-2c",
            "availability_zone_id": "usw2-az3",
            "cidr_block": "10.0.1.64/27",
            "customer_owned_ipv4_pool": "",
            "id": "subnet-0ae5e189992ca4fa2",
            "ipv6_cidr_block": "",
            "ipv6_cidr_block_association_id": "",
            "map_customer_owned_ip_on_launch": false,
            "map_public_ip_on_launch": false,
            "outpost_arn": "",
            "owner_id": "938515849324",
            "tags": {
              "Environment": "main-vpc",
              "Name": "PUB SUBNET 2C"
            },
            "tags_all": {
              "Environment": "main-vpc",
              "Name": "PUB SUBNET 2C"
            },
            "timeouts": null,
            "vpc_id": "vpc-0a43e6dbaf842a8e1"
          },
          "sensitive_attributes": [],
          "private": "eyJlMmJmYjczMC1lY2FhLTExZTYtOGY4OC0zNDM2M2JjN2M0YzAiOnsiY3JlYXRlIjo2MDAwMDAwMDAwMDAsImRlbGV0ZSI6MTIwMDAwMDAwMDAwMH0sInNjaGVtYV92ZXJzaW9uIjoiMSJ9",
          "dependencies": [
            "aws_vpc.main"
          ]
        }
      ]
    },
    {
      "mode": "managed",
      "type": "aws_subnet",
      "name": "public-2c-peer",
      "provider": "provider[\"registry.terraform.io/hashicorp/aws\"].peer",
      "instances": [
        {
          "schema_version": 1,
          "attributes": {
            "arn": "arn:aws:ec2:us-east-1:938515849324:subnet/subnet-045bf067159d94128",
            "assign_ipv6_address_on_creation": false,
            "availability_zone": "us-east-1c",
            "availability_zone_id": "use1-az2",
            "cidr_block": "10.1.1.64/27",
            "customer_owned_ipv4_pool": "",
            "id": "subnet-045bf067159d94128",
            "ipv6_cidr_block": "",
            "ipv6_cidr_block_association_id": "",
            "map_customer_owned_ip_on_launch": false,
            "map_public_ip_on_launch": false,
            "outpost_arn": "",
            "owner_id": "938515849324",
            "tags": {
              "Environment": "peer-vpc",
              "Name": "PUB SUBNET 1C"
            },
            "tags_all": {
              "Environment": "peer-vpc",
              "Name": "PUB SUBNET 1C"
            },
            "timeouts": null,
            "vpc_id": "vpc-0948030cb1c2aff57"
          },
          "sensitive_attributes": [],
          "private": "eyJlMmJmYjczMC1lY2FhLTExZTYtOGY4OC0zNDM2M2JjN2M0YzAiOnsiY3JlYXRlIjo2MDAwMDAwMDAwMDAsImRlbGV0ZSI6MTIwMDAwMDAwMDAwMH0sInNjaGVtYV92ZXJzaW9uIjoiMSJ9",
          "dependencies": [
            "aws_vpc.peer"
          ]
        }
      ]
    },
    {
      "mode": "managed",
      "type": "aws_subnet",
      "name": "public-2d",
      "provider": "provider[\"registry.terraform.io/hashicorp/aws\"]",
      "instances": [
        {
          "schema_version": 1,
          "attributes": {
            "arn": "arn:aws:ec2:us-west-2:938515849324:subnet/subnet-0ad481810aefa6962",
            "assign_ipv6_address_on_creation": false,
            "availability_zone": "us-west-2d",
            "availability_zone_id": "usw2-az4",
            "cidr_block": "10.0.1.96/27",
            "customer_owned_ipv4_pool": "",
            "id": "subnet-0ad481810aefa6962",
            "ipv6_cidr_block": "",
            "ipv6_cidr_block_association_id": "",
            "map_customer_owned_ip_on_launch": false,
            "map_public_ip_on_launch": false,
            "outpost_arn": "",
            "owner_id": "938515849324",
            "tags": {
              "Environment": "main-vpc",
              "Name": "PUB SUBNET 2D"
            },
            "tags_all": {
              "Environment": "main-vpc",
              "Name": "PUB SUBNET 2D"
            },
            "timeouts": null,
            "vpc_id": "vpc-0a43e6dbaf842a8e1"
          },
          "sensitive_attributes": [],
          "private": "eyJlMmJmYjczMC1lY2FhLTExZTYtOGY4OC0zNDM2M2JjN2M0YzAiOnsiY3JlYXRlIjo2MDAwMDAwMDAwMDAsImRlbGV0ZSI6MTIwMDAwMDAwMDAwMH0sInNjaGVtYV92ZXJzaW9uIjoiMSJ9",
          "dependencies": [
            "aws_vpc.main"
          ]
        }
      ]
    },
    {
      "mode": "managed",
      "type": "aws_subnet",
      "name": "public-2d-peer",
      "provider": "provider[\"registry.terraform.io/hashicorp/aws\"].peer",
      "instances": [
        {
          "schema_version": 1,
          "attributes": {
            "arn": "arn:aws:ec2:us-east-1:938515849324:subnet/subnet-0f1b20a0bd3548048",
            "assign_ipv6_address_on_creation": false,
            "availability_zone": "us-east-1d",
            "availability_zone_id": "use1-az4",
            "cidr_block": "10.1.1.96/27",
            "customer_owned_ipv4_pool": "",
            "id": "subnet-0f1b20a0bd3548048",
            "ipv6_cidr_block": "",
            "ipv6_cidr_block_association_id": "",
            "map_customer_owned_ip_on_launch": false,
            "map_public_ip_on_launch": false,
            "outpost_arn": "",
            "owner_id": "938515849324",
            "tags": {
              "Environment": "peer-vpc",
              "Name": "PUB SUBNET 1D"
            },
            "tags_all": {
              "Environment": "peer-vpc",
              "Name": "PUB SUBNET 1D"
            },
            "timeouts": null,
            "vpc_id": "vpc-0948030cb1c2aff57"
          },
          "sensitive_attributes": [],
          "private": "eyJlMmJmYjczMC1lY2FhLTExZTYtOGY4OC0zNDM2M2JjN2M0YzAiOnsiY3JlYXRlIjo2MDAwMDAwMDAwMDAsImRlbGV0ZSI6MTIwMDAwMDAwMDAwMH0sInNjaGVtYV92ZXJzaW9uIjoiMSJ9",
          "dependencies": [
            "aws_vpc.peer"
          ]
        }
      ]
    },
    {
      "mode": "managed",
      "type": "aws_subnet",
      "name": "rds-1a-peer",
      "provider": "provider[\"registry.terraform.io/hashicorp/aws\"].peer",
      "instances": [
        {
          "schema_version": 1,
          "attributes": {
            "arn": "arn:aws:ec2:us-east-1:938515849324:subnet/subnet-0651b2cb712f77151",
            "assign_ipv6_address_on_creation": false,
            "availability_zone": "us-east-1a",
            "availability_zone_id": "use1-az6",
            "cidr_block": "10.1.0.0/27",
            "customer_owned_ipv4_pool": "",
            "id": "subnet-0651b2cb712f77151",
            "ipv6_cidr_block": "",
            "ipv6_cidr_block_association_id": "",
            "map_customer_owned_ip_on_launch": false,
            "map_public_ip_on_launch": false,
            "outpost_arn": "",
            "owner_id": "938515849324",
            "tags": {
              "Environment": "peer-vpc",
              "Name": "RDS SUBNET 1A"
            },
            "tags_all": {
              "Environment": "peer-vpc",
              "Name": "RDS SUBNET 1A"
            },
            "timeouts": null,
            "vpc_id": "vpc-0948030cb1c2aff57"
          },
          "sensitive_attributes": [],
          "private": "eyJlMmJmYjczMC1lY2FhLTExZTYtOGY4OC0zNDM2M2JjN2M0YzAiOnsiY3JlYXRlIjo2MDAwMDAwMDAwMDAsImRlbGV0ZSI6MTIwMDAwMDAwMDAwMH0sInNjaGVtYV92ZXJzaW9uIjoiMSJ9",
          "dependencies": [
            "aws_vpc.peer"
          ]
        }
      ]
    },
    {
      "mode": "managed",
      "type": "aws_subnet",
      "name": "rds-1b-peer",
      "provider": "provider[\"registry.terraform.io/hashicorp/aws\"].peer",
      "instances": [
        {
          "schema_version": 1,
          "attributes": {
            "arn": "arn:aws:ec2:us-east-1:938515849324:subnet/subnet-03a0d24f22c4eae64",
            "assign_ipv6_address_on_creation": false,
            "availability_zone": "us-east-1b",
            "availability_zone_id": "use1-az1",
            "cidr_block": "10.1.0.32/27",
            "customer_owned_ipv4_pool": "",
            "id": "subnet-03a0d24f22c4eae64",
            "ipv6_cidr_block": "",
            "ipv6_cidr_block_association_id": "",
            "map_customer_owned_ip_on_launch": false,
            "map_public_ip_on_launch": false,
            "outpost_arn": "",
            "owner_id": "938515849324",
            "tags": {
              "Environment": "peer-vpc",
              "Name": "RDS SUBNET 1B"
            },
            "tags_all": {
              "Environment": "peer-vpc",
              "Name": "RDS SUBNET 1B"
            },
            "timeouts": null,
            "vpc_id": "vpc-0948030cb1c2aff57"
          },
          "sensitive_attributes": [],
          "private": "eyJlMmJmYjczMC1lY2FhLTExZTYtOGY4OC0zNDM2M2JjN2M0YzAiOnsiY3JlYXRlIjo2MDAwMDAwMDAwMDAsImRlbGV0ZSI6MTIwMDAwMDAwMDAwMH0sInNjaGVtYV92ZXJzaW9uIjoiMSJ9",
          "dependencies": [
            "aws_vpc.peer"
          ]
        }
      ]
    },
    {
      "mode": "managed",
      "type": "aws_subnet",
      "name": "rds-1c-peer",
      "provider": "provider[\"registry.terraform.io/hashicorp/aws\"].peer",
      "instances": [
        {
          "schema_version": 1,
          "attributes": {
            "arn": "arn:aws:ec2:us-east-1:938515849324:subnet/subnet-00d9d0162967a7569",
            "assign_ipv6_address_on_creation": false,
            "availability_zone": "us-east-1c",
            "availability_zone_id": "use1-az2",
            "cidr_block": "10.1.0.64/27",
            "customer_owned_ipv4_pool": "",
            "id": "subnet-00d9d0162967a7569",
            "ipv6_cidr_block": "",
            "ipv6_cidr_block_association_id": "",
            "map_customer_owned_ip_on_launch": false,
            "map_public_ip_on_launch": false,
            "outpost_arn": "",
            "owner_id": "938515849324",
            "tags": {
              "Environment": "peer-vpc",
              "Name": "RDS SUBNET 1C"
            },
            "tags_all": {
              "Environment": "peer-vpc",
              "Name": "RDS SUBNET 1C"
            },
            "timeouts": null,
            "vpc_id": "vpc-0948030cb1c2aff57"
          },
          "sensitive_attributes": [],
          "private": "eyJlMmJmYjczMC1lY2FhLTExZTYtOGY4OC0zNDM2M2JjN2M0YzAiOnsiY3JlYXRlIjo2MDAwMDAwMDAwMDAsImRlbGV0ZSI6MTIwMDAwMDAwMDAwMH0sInNjaGVtYV92ZXJzaW9uIjoiMSJ9",
          "dependencies": [
            "aws_vpc.peer"
          ]
        }
      ]
    },
    {
      "mode": "managed",
      "type": "aws_subnet",
      "name": "rds-2a",
      "provider": "provider[\"registry.terraform.io/hashicorp/aws\"]",
      "instances": [
        {
          "schema_version": 1,
          "attributes": {
            "arn": "arn:aws:ec2:us-west-2:938515849324:subnet/subnet-0c318786c6f97f6a8",
            "assign_ipv6_address_on_creation": false,
            "availability_zone": "us-west-2a",
            "availability_zone_id": "usw2-az2",
            "cidr_block": "10.0.0.0/27",
            "customer_owned_ipv4_pool": "",
            "id": "subnet-0c318786c6f97f6a8",
            "ipv6_cidr_block": "",
            "ipv6_cidr_block_association_id": "",
            "map_customer_owned_ip_on_launch": false,
            "map_public_ip_on_launch": false,
            "outpost_arn": "",
            "owner_id": "938515849324",
            "tags": {
              "Environment": "main-vpc",
              "Name": "RDS SUBNET 2A"
            },
            "tags_all": {
              "Environment": "main-vpc",
              "Name": "RDS SUBNET 2A"
            },
            "timeouts": null,
            "vpc_id": "vpc-0a43e6dbaf842a8e1"
          },
          "sensitive_attributes": [],
          "private": "eyJlMmJmYjczMC1lY2FhLTExZTYtOGY4OC0zNDM2M2JjN2M0YzAiOnsiY3JlYXRlIjo2MDAwMDAwMDAwMDAsImRlbGV0ZSI6MTIwMDAwMDAwMDAwMH0sInNjaGVtYV92ZXJzaW9uIjoiMSJ9",
          "dependencies": [
            "aws_vpc.main"
          ]
        }
      ]
    },
    {
      "mode": "managed",
      "type": "aws_subnet",
      "name": "rds-2b",
      "provider": "provider[\"registry.terraform.io/hashicorp/aws\"]",
      "instances": [
        {
          "schema_version": 1,
          "attributes": {
            "arn": "arn:aws:ec2:us-west-2:938515849324:subnet/subnet-088558535557beedf",
            "assign_ipv6_address_on_creation": false,
            "availability_zone": "us-west-2b",
            "availability_zone_id": "usw2-az1",
            "cidr_block": "10.0.0.32/27",
            "customer_owned_ipv4_pool": "",
            "id": "subnet-088558535557beedf",
            "ipv6_cidr_block": "",
            "ipv6_cidr_block_association_id": "",
            "map_customer_owned_ip_on_launch": false,
            "map_public_ip_on_launch": false,
            "outpost_arn": "",
            "owner_id": "938515849324",
            "tags": {
              "Environment": "main-vpc",
              "Name": "RDS SUBNET 2B"
            },
            "tags_all": {
              "Environment": "main-vpc",
              "Name": "RDS SUBNET 2B"
            },
            "timeouts": null,
            "vpc_id": "vpc-0a43e6dbaf842a8e1"
          },
          "sensitive_attributes": [],
          "private": "eyJlMmJmYjczMC1lY2FhLTExZTYtOGY4OC0zNDM2M2JjN2M0YzAiOnsiY3JlYXRlIjo2MDAwMDAwMDAwMDAsImRlbGV0ZSI6MTIwMDAwMDAwMDAwMH0sInNjaGVtYV92ZXJzaW9uIjoiMSJ9",
          "dependencies": [
            "aws_vpc.main"
          ]
        }
      ]
    },
    {
      "mode": "managed",
      "type": "aws_subnet",
      "name": "rds-2c",
      "provider": "provider[\"registry.terraform.io/hashicorp/aws\"]",
      "instances": [
        {
          "schema_version": 1,
          "attributes": {
            "arn": "arn:aws:ec2:us-west-2:938515849324:subnet/subnet-02c53059c15362dec",
            "assign_ipv6_address_on_creation": false,
            "availability_zone": "us-west-2c",
            "availability_zone_id": "usw2-az3",
            "cidr_block": "10.0.0.64/27",
            "customer_owned_ipv4_pool": "",
            "id": "subnet-02c53059c15362dec",
            "ipv6_cidr_block": "",
            "ipv6_cidr_block_association_id": "",
            "map_customer_owned_ip_on_launch": false,
            "map_public_ip_on_launch": false,
            "outpost_arn": "",
            "owner_id": "938515849324",
            "tags": {
              "Environment": "main-vpc",
              "Name": "RDS SUBNET 2C"
            },
            "tags_all": {
              "Environment": "main-vpc",
              "Name": "RDS SUBNET 2C"
            },
            "timeouts": null,
            "vpc_id": "vpc-0a43e6dbaf842a8e1"
          },
          "sensitive_attributes": [],
          "private": "eyJlMmJmYjczMC1lY2FhLTExZTYtOGY4OC0zNDM2M2JjN2M0YzAiOnsiY3JlYXRlIjo2MDAwMDAwMDAwMDAsImRlbGV0ZSI6MTIwMDAwMDAwMDAwMH0sInNjaGVtYV92ZXJzaW9uIjoiMSJ9",
          "dependencies": [
            "aws_vpc.main"
          ]
        }
      ]
    },
    {
      "mode": "managed",
      "type": "aws_vpc",
      "name": "main",
      "provider": "provider[\"registry.terraform.io/hashicorp/aws\"]",
      "instances": [
        {
          "schema_version": 1,
          "attributes": {
            "arn": "arn:aws:ec2:us-west-2:938515849324:vpc/vpc-0a43e6dbaf842a8e1",
            "assign_generated_ipv6_cidr_block": false,
            "cidr_block": "10.0.0.0/16",
            "default_network_acl_id": "acl-0ec2e0ed176a90091",
            "default_route_table_id": "rtb-00e33aaaaf87bd293",
            "default_security_group_id": "sg-029d4726d96fa59db",
            "dhcp_options_id": "dopt-deca86a6",
            "enable_classiclink": false,
            "enable_classiclink_dns_support": false,
            "enable_dns_hostnames": true,
            "enable_dns_support": true,
            "id": "vpc-0a43e6dbaf842a8e1",
            "instance_tenancy": "default",
            "ipv4_ipam_pool_id": null,
            "ipv4_netmask_length": null,
            "ipv6_association_id": "",
            "ipv6_cidr_block": "",
            "ipv6_ipam_pool_id": null,
            "ipv6_netmask_length": null,
            "main_route_table_id": "rtb-00e33aaaaf87bd293",
            "owner_id": "938515849324",
            "tags": {
              "Environment": "main-vpc",
              "Name": "multiregion-vpc"
            },
            "tags_all": {
              "Environment": "main-vpc",
              "Name": "multiregion-vpc"
            }
          },
          "sensitive_attributes": [],
          "private": "eyJzY2hlbWFfdmVyc2lvbiI6IjEifQ=="
        }
      ]
    },
    {
      "mode": "managed",
      "type": "aws_vpc",
      "name": "peer",
      "provider": "provider[\"registry.terraform.io/hashicorp/aws\"].peer",
      "instances": [
        {
          "schema_version": 1,
          "attributes": {
            "arn": "arn:aws:ec2:us-east-1:938515849324:vpc/vpc-0948030cb1c2aff57",
            "assign_generated_ipv6_cidr_block": false,
            "cidr_block": "10.1.0.0/16",
            "default_network_acl_id": "acl-0a5ffce3f28fdddc5",
            "default_route_table_id": "rtb-06c0420f70fa1eca3",
            "default_security_group_id": "sg-00ce0c2a9d7003fd7",
            "dhcp_options_id": "dopt-0f7d53426dd2df4dc",
            "enable_classiclink": false,
            "enable_classiclink_dns_support": false,
            "enable_dns_hostnames": true,
            "enable_dns_support": true,
            "id": "vpc-0948030cb1c2aff57",
            "instance_tenancy": "default",
            "ipv4_ipam_pool_id": null,
            "ipv4_netmask_length": null,
            "ipv6_association_id": "",
            "ipv6_cidr_block": "",
            "ipv6_ipam_pool_id": null,
            "ipv6_netmask_length": null,
            "main_route_table_id": "rtb-06c0420f70fa1eca3",
            "owner_id": "938515849324",
            "tags": {
              "Environment": "peer-vpc",
              "Name": "multiregion-vpc-peer"
            },
            "tags_all": {
              "Environment": "peer-vpc",
              "Name": "multiregion-vpc-peer"
            }
          },
          "sensitive_attributes": [],
          "private": "eyJzY2hlbWFfdmVyc2lvbiI6IjEifQ=="
        }
      ]
    },
    {
      "mode": "managed",
      "type": "aws_vpc_peering_connection",
      "name": "main-2-peer",
      "provider": "provider[\"registry.terraform.io/hashicorp/aws\"]",
      "instances": [
        {
          "schema_version": 0,
          "attributes": {
            "accept_status": "pending-acceptance",
            "accepter": [],
            "auto_accept": false,
            "id": "pcx-097eb0e8eff9e26ec",
            "peer_owner_id": "938515849324",
            "peer_region": "us-east-1",
            "peer_vpc_id": "vpc-0948030cb1c2aff57",
            "requester": [
              {
                "allow_classic_link_to_remote_vpc": false,
                "allow_remote_vpc_dns_resolution": false,
                "allow_vpc_to_remote_classic_link": false
              }
            ],
            "tags": {
              "Side": "Requester"
            },
            "tags_all": {
              "Side": "Requester"
            },
            "timeouts": null,
            "vpc_id": "vpc-0a43e6dbaf842a8e1"
          },
          "sensitive_attributes": [],
          "private": "eyJlMmJmYjczMC1lY2FhLTExZTYtOGY4OC0zNDM2M2JjN2M0YzAiOnsiY3JlYXRlIjo2MDAwMDAwMDAwMCwiZGVsZXRlIjo2MDAwMDAwMDAwMCwidXBkYXRlIjo2MDAwMDAwMDAwMH19",
          "dependencies": [
            "aws_vpc.main",
            "aws_vpc.peer",
            "data.aws_caller_identity.current"
          ]
        }
      ]
    },
    {
      "mode": "managed",
      "type": "aws_vpc_peering_connection_accepter",
      "name": "peer",
      "provider": "provider[\"registry.terraform.io/hashicorp/aws\"].peer",
      "instances": [
        {
          "schema_version": 0,
          "attributes": {
            "accept_status": "active",
            "accepter": [
              {
                "allow_classic_link_to_remote_vpc": false,
                "allow_remote_vpc_dns_resolution": false,
                "allow_vpc_to_remote_classic_link": false
              }
            ],
            "auto_accept": true,
            "id": "pcx-097eb0e8eff9e26ec",
            "peer_owner_id": "938515849324",
            "peer_region": "us-east-1",
            "peer_vpc_id": "vpc-0948030cb1c2aff57",
            "requester": [
              {
                "allow_classic_link_to_remote_vpc": false,
                "allow_remote_vpc_dns_resolution": false,
                "allow_vpc_to_remote_classic_link": false
              }
            ],
            "tags": {
              "Side": "Accepter"
            },
            "tags_all": {
              "Side": "Accepter"
            },
            "vpc_id": "vpc-0a43e6dbaf842a8e1",
            "vpc_peering_connection_id": "pcx-097eb0e8eff9e26ec"
          },
          "sensitive_attributes": [],
          "private": "bnVsbA==",
          "dependencies": [
            "aws_vpc.main",
            "aws_vpc.peer",
            "aws_vpc_peering_connection.main-2-peer",
            "data.aws_caller_identity.current"
          ]
        }
      ]
    }
  ]
}
